
Microsoft Visual Studio Solution File, Format Version 12.00
Project("{FAE04EC0-301F-11D3-BF4B-00C04F79EFBC}") = "JobApplicationTracker", "JobApplicationTracker.csproj", "{6BE60D1B-E602-4345-9722-3CB90EB29649}"
EndProject
Global
	GlobalSection(SolutionConfigurationPlatforms) = preSolution
		Debug|Any CPU = Debug|Any CPU
		Release|Any CPU = Release|Any CPU
	EndGlobalSection
	GlobalSection(ProjectConfigurationPlatforms) = postSolution
		{6BE60D1B-E602-4345-9722-3CB90EB29649}.Debug|Any CPU.ActiveCfg = Debug|Any CPU
		{6BE60D1B-E602-4345-9722-3CB90EB29649}.Debug|Any CPU.Build.0 = Debug|Any CPU
		{6BE60D1B-E602-4345-9722-3CB90EB29649}.Release|Any CPU.ActiveCfg = Release|Any CPU
		{6BE60D1B-E602-4345-9722-3CB90EB29649}.Release|Any CPU.Build.0 = Release|Any CPU
	EndGlobalSection
EndGlobal
